// !$*UTF8*$!
{
	archiveVersion = 1;
	classes = {
	};
	objectVersion = 56;
	objects = {

/* Begin PBXBuildFile section */
		C42FFAF92B302CF20087A243 /* GitApp.swift in Sources */ = {isa = PBXBuildFile; fileRef = C42FFAF82B302CF20087A243 /* GitApp.swift */; };
		C42FFAFB2B302CF20087A243 /* ContentView.swift in Sources */ = {isa = PBXBuildFile; fileRef = C42FFAFA2B302CF20087A243 /* ContentView.swift */; };
		C42FFAFD2B302CF20087A243 /* Item.swift in Sources */ = {isa = PBXBuildFile; fileRef = C42FFAFC2B302CF20087A243 /* Item.swift */; };
		C42FFAFF2B302CF50087A243 /* Assets.xcassets in Resources */ = {isa = PBXBuildFile; fileRef = C42FFAFE2B302CF50087A243 /* Assets.xcassets */; };
		C42FFB022B302CF50087A243 /* Preview Assets.xcassets in Resources */ = {isa = PBXBuildFile; fileRef = C42FFB012B302CF50087A243 /* Preview Assets.xcassets */; };
		C42FFB0C2B302CF50087A243 /* GitHubUsersTests.swift in Sources */ = {isa = PBXBuildFile; fileRef = C42FFB0B2B302CF50087A243 /* GitHubUsersTests.swift */; };
		C42FFB162B302CF50087A243 /* GitHubUsersUITests.swift in Sources */ = {isa = PBXBuildFile; fileRef = C42FFB152B302CF50087A243 /* GitHubUsersUITests.swift */; };
		C42FFB182B302CF50087A243 /* GitHubUsersUITestsLaunchTests.swift in Sources */ = {isa = PBXBuildFile; fileRef = C42FFB172B302CF50087A243 /* GitHubUsersUITestsLaunchTests.swift */; };
/* End PBXBuildFile section */

/* Begin PBXContainerItemProxy section */
		C42FFB082B302CF50087A243 /* PBXContainerItemProxy */ = {
			isa = PBXContainerItemProxy;
			containerPortal = C42FFAED2B302CF20087A243 /* Project object */;
			proxyType = 1;
			remoteGlobalIDString = C42FFAF42B302CF20087A243;
			remoteInfo = "git hub users";
		};
		C42FFB122B302CF50087A243 /* PBXContainerItemProxy */ = {
			isa = PBXContainerItemProxy;
			containerPortal = C42FFAED2B302CF20087A243 /* Project object */;
			proxyType = 1;
			remoteGlobalIDString = C42FFAF42B302CF20087A243;
			remoteInfo = "git hub users";
		};
/* End PBXContainerItemProxy section */

/* Begin PBXFileReference section */
		C42FFAF52B302CF20087A243 /* GitHubUsers.app */ = {isa = PBXFileReference; explicitFileType = wrapper.application; includeInIndex = 0; path = GitHubUsers.app; sourceTree = BUILT_PRODUCTS_DIR; };
		C42FFAF82B302CF20087A243 /* GitApp.swift */ = {isa = PBXFileReference; lastKnownFileType = sourcecode.swift; path = GitApp.swift; sourceTree = "<group>"; };
		C42FFAFA2B302CF20087A243 /* ContentView.swift */ = {isa = PBXFileReference; lastKnownFileType = sourcecode.swift; path = ContentView.swift; sourceTree = "<group>"; };
		C42FFAFC2B302CF20087A243 /* Item.swift */ = {isa = PBXFileReference; lastKnownFileType = sourcecode.swift; path = Item.swift; sourceTree = "<group>"; };
		C42FFAFE2B302CF50087A243 /* Assets.xcassets */ = {isa = PBXFileReference; lastKnownFileType = folder.assetcatalog; path = Assets.xcassets; sourceTree = "<group>"; };
		C42FFB012B302CF50087A243 /* Preview Assets.xcassets */ = {isa = PBXFileReference; lastKnownFileType = folder.assetcatalog; path = "Preview Assets.xcassets"; sourceTree = "<group>"; };
		C42FFB072B302CF50087A243 /* GitHubUsersTests.xctest */ = {isa = PBXFileReference; explicitFileType = wrapper.cfbundle; includeInIndex = 0; path = GitHubUsersTests.xctest; sourceTree = BUILT_PRODUCTS_DIR; };
		C42FFB0B2B302CF50087A243 /* GitHubUsersTests.swift */ = {isa = PBXFileReference; lastKnownFileType = sourcecode.swift; path = GitHubUsersTests.swift; sourceTree = "<group>"; };
		C42FFB112B302CF50087A243 /* GitHubUsersUITests.xctest */ = {isa = PBXFileReference; explicitFileType = wrapper.cfbundle; includeInIndex = 0; path = GitHubUsersUITests.xctest; sourceTree = BUILT_PRODUCTS_DIR; };
		C42FFB152B302CF50087A243 /* GitHubUsersUITests.swift */ = {isa = PBXFileReference; lastKnownFileType = sourcecode.swift; path = GitHubUsersUITests.swift; sourceTree = "<group>"; };
		C42FFB172B302CF50087A243 /* GitHubUsersUITestsLaunchTests.swift */ = {isa = PBXFileReference; lastKnownFileType = sourcecode.swift; path = GitHubUsersUITestsLaunchTests.swift; sourceTree = "<group>"; };
		C42FFB242B302F0E0087A243 /* git-hub-users-Info.plist */ = {isa = PBXFileReference; lastKnownFileType = text.plist; path = "git-hub-users-Info.plist"; sourceTree = SOURCE_ROOT; };
/* End PBXFileReference section */

/* Begin PBXFrameworksBuildPhase section */
		C42FFAF22B302CF20087A243 /* Frameworks */ = {
			isa = PBXFrameworksBuildPhase;
			buildActionMask = 2147483647;
			files = (
			);
			runOnlyForDeploymentPostprocessing = 0;
		};
		C42FFB042B302CF50087A243 /* Frameworks */ = {
			isa = PBXFrameworksBuildPhase;
			buildActionMask = 2147483647;
			files = (
			);
			runOnlyForDeploymentPostprocessing = 0;
		};
		C42FFB0E2B302CF50087A243 /* Frameworks */ = {
			isa = PBXFrameworksBuildPhase;
			buildActionMask = 2147483647;
			files = (
			);
			runOnlyForDeploymentPostprocessing = 0;
		};
/* End PBXFrameworksBuildPhase section */

/* Begin PBXGroup section */
		C42FFAEC2B302CF20087A243 = {
			isa = PBXGroup;
			children = (
				C42FFAF72B302CF20087A243 /* GitHubUsers */,
				C42FFB0A2B302CF50087A243 /* GitHubUsersTests */,
				C42FFB142B302CF50087A243 /* GitHubUsersUITests */,
				C42FFAF62B302CF20087A243 /* Products */,
			);
			sourceTree = "<group>";
		};
		C42FFAF62B302CF20087A243 /* Products */ = {
			isa = PBXGroup;
			children = (
				C42FFAF52B302CF20087A243 /* GitHubUsers.app */,
				C42FFB072B302CF50087A243 /* GitHubUsersTests.xctest */,
				C42FFB112B302CF50087A243 /* GitHubUsersUITests.xctest */,
			);
			name = Products;
			sourceTree = "<group>";
		};
		C42FFAF72B302CF20087A243 /* GitHubUsers */ = {
			isa = PBXGroup;
			children = (
				C42FFB242B302F0E0087A243 /* git-hub-users-Info.plist */,
				C42FFAF82B302CF20087A243 /* GitApp.swift */,
				C42FFAFA2B302CF20087A243 /* ContentView.swift */,
				C42FFAFC2B302CF20087A243 /* Item.swift */,
				C42FFAFE2B302CF50087A243 /* Assets.xcassets */,
				C42FFB002B302CF50087A243 /* Preview Content */,
			);
			path = GitHubUsers;
			sourceTree = "<group>";
		};
		C42FFB002B302CF50087A243 /* Preview Content */ = {
			isa = PBXGroup;
			children = (
				C42FFB012B302CF50087A243 /* Preview Assets.xcassets */,
			);
			path = "Preview Content";
			sourceTree = "<group>";
		};
		C42FFB0A2B302CF50087A243 /* GitHubUsersTests */ = {
			isa = PBXGroup;
			children = (
				C42FFB0B2B302CF50087A243 /* GitHubUsersTests.swift */,
			);
			path = GitHubUsersTests;
			sourceTree = "<group>";
		};
		C42FFB142B302CF50087A243 /* GitHubUsersUITests */ = {
			isa = PBXGroup;
			children = (
				C42FFB152B302CF50087A243 /* GitHubUsersUITests.swift */,
				C42FFB172B302CF50087A243 /* GitHubUsersUITestsLaunchTests.swift */,
			);
			path = GitHubUsersUITests;
			sourceTree = "<group>";
		};
/* End PBXGroup section */

/* Begin PBXNativeTarget section */
		C42FFAF42B302CF20087A243 /* GitHubUsers */ = {
			isa = PBXNativeTarget;
			buildConfigurationList = C42FFB1B2B302CF50087A243 /* Build configuration list for PBXNativeTarget "GitHubUsers" */;
			buildPhases = (
				C42FFAF12B302CF20087A243 /* Sources */,
				C42FFAF22B302CF20087A243 /* Frameworks */,
				C42FFAF32B302CF20087A243 /* Resources */,
			);
			buildRules = (
			);
			dependencies = (
			);
			name = GitHubUsers;
			productName = "git hub users";
			productReference = C42FFAF52B302CF20087A243 /* GitHubUsers.app */;
			productType = "com.apple.product-type.application";
		};
		C42FFB062B302CF50087A243 /* GitHubUsersTests */ = {
			isa = PBXNativeTarget;
			buildConfigurationList = C42FFB1E2B302CF50087A243 /* Build configuration list for PBXNativeTarget "GitHubUsersTests" */;
			buildPhases = (
				C42FFB032B302CF50087A243 /* Sources */,
				C42FFB042B302CF50087A243 /* Frameworks */,
				C42FFB052B302CF50087A243 /* Resources */,
			);
			buildRules = (
			);
			dependencies = (
				C42FFB092B302CF50087A243 /* PBXTargetDependency */,
			);
			name = GitHubUsersTests;
			productName = "git hub usersTests";
			productReference = C42FFB072B302CF50087A243 /* GitHubUsersTests.xctest */;
			productType = "com.apple.product-type.bundle.unit-test";
		};
		C42FFB102B302CF50087A243 /* GitHubUsersUITests */ = {
			isa = PBXNativeTarget;
			buildConfigurationList = C42FFB212B302CF50087A243 /* Build configuration list for PBXNativeTarget "GitHubUsersUITests" */;
			buildPhases = (
				C42FFB0D2B302CF50087A243 /* Sources */,
				C42FFB0E2B302CF50087A243 /* Frameworks */,
				C42FFB0F2B302CF50087A243 /* Resources */,
			);
			buildRules = (
			);
			dependencies = (
				C42FFB132B302CF50087A243 /* PBXTargetDependency */,
			);
			name = GitHubUsersUITests;
			productName = "git hub usersUITests";
			productReference = C42FFB112B302CF50087A243 /* GitHubUsersUITests.xctest */;
			productType = "com.apple.product-type.bundle.ui-testing";
		};
/* End PBXNativeTarget section */

/* Begin PBXProject section */
		C42FFAED2B302CF20087A243 /* Project object */ = {
			isa = PBXProject;
			attributes = {
				BuildIndependentTargetsInParallel = 1;
				LastSwiftUpdateCheck = 1500;
				LastUpgradeCheck = 1500;
				TargetAttributes = {
					C42FFAF42B302CF20087A243 = {
						CreatedOnToolsVersion = 15.0.1;
					};
					C42FFB062B302CF50087A243 = {
						CreatedOnToolsVersion = 15.0.1;
						TestTargetID = C42FFAF42B302CF20087A243;
					};
					C42FFB102B302CF50087A243 = {
						CreatedOnToolsVersion = 15.0.1;
						TestTargetID = C42FFAF42B302CF20087A243;
					};
				};
			};
			buildConfigurationList = C42FFAF02B302CF20087A243 /* Build configuration list for PBXProject "GitHubUsers" */;
			compatibilityVersion = "Xcode 14.0";
			developmentRegion = en;
			hasScannedForEncodings = 0;
			knownRegions = (
				en,
				Base,
			);
			mainGroup = C42FFAEC2B302CF20087A243;
			productRefGroup = C42FFAF62B302CF20087A243 /* Products */;
			projectDirPath = "";
			projectRoot = "";
			targets = (
				C42FFAF42B302CF20087A243 /* GitHubUsers */,
				C42FFB062B302CF50087A243 /* GitHubUsersTests */,
				C42FFB102B302CF50087A243 /* GitHubUsersUITests */,
			);
		};
/* End PBXProject section */

/* Begin PBXResourcesBuildPhase section */
		C42FFAF32B302CF20087A243 /* Resources */ = {
			isa = PBXResourcesBuildPhase;
			buildActionMask = 2147483647;
			files = (
				C42FFB022B302CF50087A243 /* Preview Assets.xcassets in Resources */,
				C42FFAFF2B302CF50087A243 /* Assets.xcassets in Resources */,
			);
			runOnlyForDeploymentPostprocessing = 0;
		};
		C42FFB052B302CF50087A243 /* Resources */ = {
			isa = PBXResourcesBuildPhase;
			buildActionMask = 2147483647;
			files = (
			);
			runOnlyForDeploymentPostprocessing = 0;
		};
		C42FFB0F2B302CF50087A243 /* Resources */ = {
			isa = PBXResourcesBuildPhase;
			buildActionMask = 2147483647;
			files = (
			);
			runOnlyForDeploymentPostprocessing = 0;
		};
/* End PBXResourcesBuildPhase section */

/* Begin PBXSourcesBuildPhase section */
		C42FFAF12B302CF20087A243 /* Sources */ = {
			isa = PBXSourcesBuildPhase;
			buildActionMask = 2147483647;
			files = (
				C42FFAFB2B302CF20087A243 /* ContentView.swift in Sources */,
				C42FFAFD2B302CF20087A243 /* Item.swift in Sources */,
				C42FFAF92B302CF20087A243 /* GitApp.swift in Sources */,
			);
			runOnlyForDeploymentPostprocessing = 0;
		};
		C42FFB032B302CF50087A243 /* Sources */ = {
			isa = PBXSourcesBuildPhase;
			buildActionMask = 2147483647;
			files = (
				C42FFB0C2B302CF50087A243 /* GitHubUsersTests.swift in Sources */,
			);
			runOnlyForDeploymentPostprocessing = 0;
		};
		C42FFB0D2B302CF50087A243 /* Sources */ = {
			isa = PBXSourcesBuildPhase;
			buildActionMask = 2147483647;
			files = (
				C42FFB182B302CF50087A243 /* GitHubUsersUITestsLaunchTests.swift in Sources */,
				C42FFB162B302CF50087A243 /* GitHubUsersUITests.swift in Sources */,
			);
			runOnlyForDeploymentPostprocessing = 0;
		};
/* End PBXSourcesBuildPhase section */

/* Begin PBXTargetDependency section */
		C42FFB092B302CF50087A243 /* PBXTargetDependency */ = {
			isa = PBXTargetDependency;
			target = C42FFAF42B302CF20087A243 /* GitHubUsers */;
			targetProxy = C42FFB082B302CF50087A243 /* PBXContainerItemProxy */;
		};
		C42FFB132B302CF50087A243 /* PBXTargetDependency */ = {
			isa = PBXTargetDependency;
			target = C42FFAF42B302CF20087A243 /* GitHubUsers */;
			targetProxy = C42FFB122B302CF50087A243 /* PBXContainerItemProxy */;
		};
/* End PBXTargetDependency section */

/* Begin XCBuildConfiguration section */
		C42FFB192B302CF50087A243 /* Debug */ = {
			isa = XCBuildConfiguration;
			buildSettings = {
				ALWAYS_SEARCH_USER_PATHS = NO;
				ASSETCATALOG_COMPILER_GENERATE_SWIFT_ASSET_SYMBOL_EXTENSIONS = YES;
				CLANG_ANALYZER_NONNULL = YES;
				CLANG_ANALYZER_NUMBER_OBJECT_CONVERSION = YES_AGGRESSIVE;
				CLANG_CXX_LANGUAGE_STANDARD = "gnu++20";
				CLANG_ENABLE_MODULES = YES;
				CLANG_ENABLE_OBJC_ARC = YES;
				CLANG_ENABLE_OBJC_WEAK = YES;
				CLANG_WARN_BLOCK_CAPTURE_AUTORELEASING = YES;
				CLANG_WARN_BOOL_CONVERSION = YES;
				CLANG_WARN_COMMA = YES;
				CLANG_WARN_CONSTANT_CONVERSION = YES;
				CLANG_WARN_DEPRECATED_OBJC_IMPLEMENTATIONS = YES;
				CLANG_WARN_DIRECT_OBJC_ISA_USAGE = YES_ERROR;
				CLANG_WARN_DOCUMENTATION_COMMENTS = YES;
				CLANG_WARN_EMPTY_BODY = YES;
				CLANG_WARN_ENUM_CONVERSION = YES;
				CLANG_WARN_INFINITE_RECURSION = YES;
				CLANG_WARN_INT_CONVERSION = YES;
				CLANG_WARN_NON_LITERAL_NULL_CONVERSION = YES;
				CLANG_WARN_OBJC_IMPLICIT_RETAIN_SELF = YES;
				CLANG_WARN_OBJC_LITERAL_CONVERSION = YES;
				CLANG_WARN_OBJC_ROOT_CLASS = YES_ERROR;
				CLANG_WARN_QUOTED_INCLUDE_IN_FRAMEWORK_HEADER = YES;
				CLANG_WARN_RANGE_LOOP_ANALYSIS = YES;
				CLANG_WARN_STRICT_PROTOTYPES = YES;
				CLANG_WARN_SUSPICIOUS_MOVE = YES;
				CLANG_WARN_UNGUARDED_AVAILABILITY = YES_AGGRESSIVE;
				CLANG_WARN_UNREACHABLE_CODE = YES;
				CLANG_WARN__DUPLICATE_METHOD_MATCH = YES;
				COPY_PHASE_STRIP = NO;
				DEBUG_INFORMATION_FORMAT = dwarf;
				ENABLE_STRICT_OBJC_MSGSEND = YES;
				ENABLE_TESTABILITY = YES;
				ENABLE_USER_SCRIPT_SANDBOXING = YES;
				GCC_C_LANGUAGE_STANDARD = gnu17;
				GCC_DYNAMIC_NO_PIC = NO;
				GCC_NO_COMMON_BLOCKS = YES;
				GCC_OPTIMIZATION_LEVEL = 0;
				GCC_PREPROCESSOR_DEFINITIONS = (
					"DEBUG=1",
					"$(inherited)",
				);
				GCC_WARN_64_TO_32_BIT_CONVERSION = YES;
				GCC_WARN_ABOUT_RETURN_TYPE = YES_ERROR;
				GCC_WARN_UNDECLARED_SELECTOR = YES;
				GCC_WARN_UNINITIALIZED_AUTOS = YES_AGGRESSIVE;
				GCC_WARN_UNUSED_FUNCTION = YES;
				GCC_WARN_UNUSED_VARIABLE = YES;
				IPHONEOS_DEPLOYMENT_TARGET = 17.0;
				LOCALIZATION_PREFERS_STRING_CATALOGS = YES;
				MTL_ENABLE_DEBUG_INFO = INCLUDE_SOURCE;
				MTL_FAST_MATH = YES;
				ONLY_ACTIVE_ARCH = YES;
				SDKROOT = iphoneos;
				SWIFT_ACTIVE_COMPILATION_CONDITIONS = "DEBUG $(inherited)";
				SWIFT_OPTIMIZATION_LEVEL = "-Onone";
			};
			name = Debug;
		};
		C42FFB1A2B302CF50087A243 /* Release */ = {
			isa = XCBuildConfiguration;
			buildSettings = {
				ALWAYS_SEARCH_USER_PATHS = NO;
				ASSETCATALOG_COMPILER_GENERATE_SWIFT_ASSET_SYMBOL_EXTENSIONS = YES;
				CLANG_ANALYZER_NONNULL = YES;
				CLANG_ANALYZER_NUMBER_OBJECT_CONVERSION = YES_AGGRESSIVE;
				CLANG_CXX_LANGUAGE_STANDARD = "gnu++20";
				CLANG_ENABLE_MODULES = YES;
				CLANG_ENABLE_OBJC_ARC = YES;
				CLANG_ENABLE_OBJC_WEAK = YES;
				CLANG_WARN_BLOCK_CAPTURE_AUTORELEASING = YES;
				CLANG_WARN_BOOL_CONVERSION = YES;
				CLANG_WARN_COMMA = YES;
				CLANG_WARN_CONSTANT_CONVERSION = YES;
				CLANG_WARN_DEPRECATED_OBJC_IMPLEMENTATIONS = YES;
				CLANG_WARN_DIRECT_OBJC_ISA_USAGE = YES_ERROR;
				CLANG_WARN_DOCUMENTATION_COMMENTS = YES;
				CLANG_WARN_EMPTY_BODY = YES;
				CLANG_WARN_ENUM_CONVERSION = YES;
				CLANG_WARN_INFINITE_RECURSION = YES;
				CLANG_WARN_INT_CONVERSION = YES;
				CLANG_WARN_NON_LITERAL_NULL_CONVERSION = YES;
				CLANG_WARN_OBJC_IMPLICIT_RETAIN_SELF = YES;
				CLANG_WARN_OBJC_LITERAL_CONVERSION = YES;
				CLANG_WARN_OBJC_ROOT_CLASS = YES_ERROR;
				CLANG_WARN_QUOTED_INCLUDE_IN_FRAMEWORK_HEADER = YES;
				CLANG_WARN_RANGE_LOOP_ANALYSIS = YES;
				CLANG_WARN_STRICT_PROTOTYPES = YES;
				CLANG_WARN_SUSPICIOUS_MOVE = YES;
				CLANG_WARN_UNGUARDED_AVAILABILITY = YES_AGGRESSIVE;
				CLANG_WARN_UNREACHABLE_CODE = YES;
				CLANG_WARN__DUPLICATE_METHOD_MATCH = YES;
				COPY_PHASE_STRIP = NO;
				DEBUG_INFORMATION_FORMAT = "dwarf-with-dsym";
				ENABLE_NS_ASSERTIONS = NO;
				ENABLE_STRICT_OBJC_MSGSEND = YES;
				ENABLE_USER_SCRIPT_SANDBOXING = YES;
				GCC_C_LANGUAGE_STANDARD = gnu17;
				GCC_NO_COMMON_BLOCKS = YES;
				GCC_WARN_64_TO_32_BIT_CONVERSION = YES;
				GCC_WARN_ABOUT_RETURN_TYPE = YES_ERROR;
				GCC_WARN_UNDECLARED_SELECTOR = YES;
				GCC_WARN_UNINITIALIZED_AUTOS = YES_AGGRESSIVE;
				GCC_WARN_UNUSED_FUNCTION = YES;
				GCC_WARN_UNUSED_VARIABLE = YES;
				IPHONEOS_DEPLOYMENT_TARGET = 17.0;
				LOCALIZATION_PREFERS_STRING_CATALOGS = YES;
				MTL_ENABLE_DEBUG_INFO = NO;
				MTL_FAST_MATH = YES;
				SDKROOT = iphoneos;
				SWIFT_COMPILATION_MODE = wholemodule;
				VALIDATE_PRODUCT = YES;
			};
			name = Release;
		};
		C42FFB1C2B302CF50087A243 /* Debug */ = {
			isa = XCBuildConfiguration;
			buildSettings = {
				ASSETCATALOG_COMPILER_APPICON_NAME = AppIcon;
				ASSETCATALOG_COMPILER_GLOBAL_ACCENT_COLOR_NAME = AccentColor;
				CODE_SIGN_STYLE = Automatic;
				CURRENT_PROJECT_VERSION = 1;
				DEVELOPMENT_ASSET_PATHS = "\"git hub users/Preview Content\"";
				DEVELOPMENT_TEAM = X5E66Q9HX8;
				ENABLE_PREVIEWS = YES;
				GENERATE_INFOPLIST_FILE = YES;
				INFOPLIST_FILE = "git-hub-users-Info.plist";
				INFOPLIST_KEY_UIApplicationSceneManifest_Generation = YES;
				INFOPLIST_KEY_UIApplicationSupportsIndirectInputEvents = YES;
				INFOPLIST_KEY_UILaunchScreen_Generation = YES;
				INFOPLIST_KEY_UISupportedInterfaceOrientations_iPad = "UIInterfaceOrientationPortrait UIInterfaceOrientationPortraitUpsideDown UIInterfaceOrientationLandscapeLeft UIInterfaceOrientationLandscapeRight";
				INFOPLIST_KEY_UISupportedInterfaceOrientations_iPhone = "UIInterfaceOrientationPortrait UIInterfaceOrientationLandscapeLeft UIInterfaceOrientationLandscapeRight";
				LD_RUNPATH_SEARCH_PATHS = (
					"$(inherited)",
					"@executable_path/Frameworks",
				);
				MARKETING_VERSION = 1.0;
				PRODUCT_BUNDLE_IDENTIFIER = com.kwetu.gitusers;
				PRODUCT_NAME = "$(TARGET_NAME)";
				SWIFT_EMIT_LOC_STRINGS = YES;
				SWIFT_VERSION = 5.0;
				TARGETED_DEVICE_FAMILY = "1,2";
			};
			name = Debug;
		};
		C42FFB1D2B302CF50087A243 /* Release */ = {
			isa = XCBuildConfiguration;
			buildSettings = {
				ASSETCATALOG_COMPILER_APPICON_NAME = AppIcon;
				ASSETCATALOG_COMPILER_GLOBAL_ACCENT_COLOR_NAME = AccentColor;
				CODE_SIGN_STYLE = Automatic;
				CURRENT_PROJECT_VERSION = 1;
				DEVELOPMENT_ASSET_PATHS = "\"git hub users/Preview Content\"";
				DEVELOPMENT_TEAM = X5E66Q9HX8;
				ENABLE_PREVIEWS = YES;
				GENERATE_INFOPLIST_FILE = YES;
				INFOPLIST_FILE = "git-hub-users-Info.plist";
				INFOPLIST_KEY_UIApplicationSceneManifest_Generation = YES;
				INFOPLIST_KEY_UIApplicationSupportsIndirectInputEvents = YES;
				INFOPLIST_KEY_UILaunchScreen_Generation = YES;
				INFOPLIST_KEY_UISupportedInterfaceOrientations_iPad = "UIInterfaceOrientationPortrait UIInterfaceOrientationPortraitUpsideDown UIInterfaceOrientationLandscapeLeft UIInterfaceOrientationLandscapeRight";
				INFOPLIST_KEY_UISupportedInterfaceOrientations_iPhone = "UIInterfaceOrientationPortrait UIInterfaceOrientationLandscapeLeft UIInterfaceOrientationLandscapeRight";
				LD_RUNPATH_SEARCH_PATHS = (
					"$(inherited)",
					"@executable_path/Frameworks",
				);
				MARKETING_VERSION = 1.0;
				PRODUCT_BUNDLE_IDENTIFIER = com.kwetu.gitusers;
				PRODUCT_NAME = "$(TARGET_NAME)";
				SWIFT_EMIT_LOC_STRINGS = YES;
				SWIFT_VERSION = 5.0;
				TARGETED_DEVICE_FAMILY = "1,2";
			};
			name = Release;
		};
		C42FFB1F2B302CF50087A243 /* Debug */ = {
			isa = XCBuildConfiguration;
			buildSettings = {
				ALWAYS_EMBED_SWIFT_STANDARD_LIBRARIES = YES;
				BUNDLE_LOADER = "$(TEST_HOST)";
				CODE_SIGN_STYLE = Automatic;
				CURRENT_PROJECT_VERSION = 1;
				DEVELOPMENT_TEAM = X5E66Q9HX8;
				GENERATE_INFOPLIST_FILE = YES;
				IPHONEOS_DEPLOYMENT_TARGET = 17.0;
				MARKETING_VERSION = 1.0;
				PRODUCT_BUNDLE_IDENTIFIER = "com.kwetu.git-hub-usersTests";
				PRODUCT_NAME = "$(TARGET_NAME)";
				SWIFT_EMIT_LOC_STRINGS = NO;
				SWIFT_VERSION = 5.0;
				TARGETED_DEVICE_FAMILY = "1,2";
				TEST_HOST = "$(BUILT_PRODUCTS_DIR)/GitHubUsers.app/$(BUNDLE_EXECUTABLE_FOLDER_PATH)/GitHubUsers";
			};
			name = Debug;
		};
		C42FFB202B302CF50087A243 /* Release */ = {
			isa = XCBuildConfiguration;
			buildSettings = {
				ALWAYS_EMBED_SWIFT_STANDARD_LIBRARIES = YES;
				BUNDLE_LOADER = "$(TEST_HOST)";
				CODE_SIGN_STYLE = Automatic;
				CURRENT_PROJECT_VERSION = 1;
				DEVELOPMENT_TEAM = X5E66Q9HX8;
				GENERATE_INFOPLIST_FILE = YES;
				IPHONEOS_DEPLOYMENT_TARGET = 17.0;
				MARKETING_VERSION = 1.0;
				PRODUCT_BUNDLE_IDENTIFIER = "com.kwetu.git-hub-usersTests";
				PRODUCT_NAME = "$(TARGET_NAME)";
				SWIFT_EMIT_LOC_STRINGS = NO;
				SWIFT_VERSION = 5.0;
				TARGETED_DEVICE_FAMILY = "1,2";
				TEST_HOST = "$(BUILT_PRODUCTS_DIR)/GitHubUsers.app/$(BUNDLE_EXECUTABLE_FOLDER_PATH)/GitHubUsers";
			};
			name = Release;
		};
		C42FFB222B302CF50087A243 /* Debug */ = {
			isa = XCBuildConfiguration;
			buildSettings = {
				ALWAYS_EMBED_SWIFT_STANDARD_LIBRARIES = YES;
				CODE_SIGN_STYLE = Automatic;
				CURRENT_PROJECT_VERSION = 1;
				DEVELOPMENT_TEAM = X5E66Q9HX8;
				GENERATE_INFOPLIST_FILE = YES;
				MARKETING_VERSION = 1.0;
				PRODUCT_BUNDLE_IDENTIFIER = "com.kwetu.git-hub-usersUITests";
				PRODUCT_NAME = "$(TARGET_NAME)";
				SWIFT_EMIT_LOC_STRINGS = NO;
				SWIFT_VERSION = 5.0;
				TARGETED_DEVICE_FAMILY = "1,2";
				TEST_TARGET_NAME = "git hub users";
			};
			name = Debug;
		};
		C42FFB232B302CF50087A243 /* Release */ = {
			isa = XCBuildConfiguration;
			buildSettings = {
				ALWAYS_EMBED_SWIFT_STANDARD_LIBRARIES = YES;
				CODE_SIGN_STYLE = Automatic;
				CURRENT_PROJECT_VERSION = 1;
				DEVELOPMENT_TEAM = X5E66Q9HX8;
				GENERATE_INFOPLIST_FILE = YES;
				MARKETING_VERSION = 1.0;
				PRODUCT_BUNDLE_IDENTIFIER = "com.kwetu.git-hub-usersUITests";
				PRODUCT_NAME = "$(TARGET_NAME)";
				SWIFT_EMIT_LOC_STRINGS = NO;
				SWIFT_VERSION = 5.0;
				TARGETED_DEVICE_FAMILY = "1,2";
				TEST_TARGET_NAME = "git hub users";
			};
			name = Release;
		};
/* End XCBuildConfiguration section */

/* Begin XCConfigurationList section */
		C42FFAF02B302CF20087A243 /* Build configuration list for PBXProject "GitHubUsers" */ = {
			isa = XCConfigurationList;
			buildConfigurations = (
				C42FFB192B302CF50087A243 /* Debug */,
				C42FFB1A2B302CF50087A243 /* Release */,
			);
			defaultConfigurationIsVisible = 0;
			defaultConfigurationName = Release;
		};
		C42FFB1B2B302CF50087A243 /* Build configuration list for PBXNativeTarget "GitHubUsers" */ = {
			isa = XCConfigurationList;
			buildConfigurations = (
				C42FFB1C2B302CF50087A243 /* Debug */,
				C42FFB1D2B302CF50087A243 /* Release */,
			);
			defaultConfigurationIsVisible = 0;
			defaultConfigurationName = Release;
		};
		C42FFB1E2B302CF50087A243 /* Build configuration list for PBXNativeTarget "GitHubUsersTests" */ = {
			isa = XCConfigurationList;
			buildConfigurations = (
				C42FFB1F2B302CF50087A243 /* Debug */,
				C42FFB202B302CF50087A243 /* Release */,
			);
			defaultConfigurationIsVisible = 0;
			defaultConfigurationName = Release;
		};
		C42FFB212B302CF50087A243 /* Build configuration list for PBXNativeTarget "GitHubUsersUITests" */ = {
			isa = XCConfigurationList;
			buildConfigurations = (
				C42FFB222B302CF50087A243 /* Debug */,
				C42FFB232B302CF50087A243 /* Release */,
			);
			defaultConfigurationIsVisible = 0;
			defaultConfigurationName = Release;
		};
/* End XCConfigurationList section */
	};
	rootObject = C42FFAED2B302CF20087A243 /* Project object */;
}
